
Microsoft Visual Studio Solution File, Format Version 12.00
# Visual Studio 14
VisualStudioVersion = 14.0.23107.0
MinimumVisualStudioVersion = 10.0.40219.1
Project("{8BC9CEB8-8B4A-11D0-8D11-00A0C91BC942}") = "View_Lib", "View\ViewLib\ViewLib.vcxproj", "{EE4DD4DF-B133-4319-948F-E8A39D98F229}"
EndProject
Project("{8BC9CEB8-8B4A-11D0-8D11-00A0C91BC942}") = "CodeMetrics_Lib", "CodeMetrics\CodeMetricsLib\CodeMetricsLib.vcxproj", "{E6C97822-4194-48AE-96C9-7D8CAA8AF66D}"
	ProjectSection(ProjectDependencies) = postProject
		{28C65A99-4DD1-44E1-909A-2268C2183E92} = {28C65A99-4DD1-44E1-909A-2268C2183E92}
	EndProjectSection
EndProject
Project("{8BC9CEB8-8B4A-11D0-8D11-00A0C91BC942}") = "PowerShell_CLR", "CodeMetrics\PowerShell\PowerShell_CLR\PowerShell_CLR.vcxproj", "{28C65A99-4DD1-44E1-909A-2268C2183E92}"
EndProject
Project("{2150E333-8FDC-42A3-9474-1A3956D46DE8}") = "CodeMetrics", "CodeMetrics", "{6E29018B-95DA-45C5-AC62-D948887D138E}"
EndProject
Project("{2150E333-8FDC-42A3-9474-1A3956D46DE8}") = "Executable", "Executable", "{BD69CB01-D6F0-4B2A-90D5-517D15C4CF31}"
EndProject
Project("{2150E333-8FDC-42A3-9474-1A3956D46DE8}") = "Model", "Model", "{4132DFDA-F9BE-4F25-AD2C-A56C3670FFC9}"
EndProject
Project("{2150E333-8FDC-42A3-9474-1A3956D46DE8}") = "View", "View", "{61CD4801-9DBE-4631-BC80-8F141EF2430C}"
EndProject
Project("{8BC9CEB8-8B4A-11D0-8D11-00A0C91BC942}") = "Console", "Executable\Console\Console.vcxproj", "{E9B2F1F7-750B-4EFF-B86A-7ADF1B4F69E8}"
EndProject
Project("{8BC9CEB8-8B4A-11D0-8D11-00A0C91BC942}") = "gTests", "Executable\gTests\gTests.vcxproj", "{156E96A3-4C6B-4F5A-ABA2-D432DA6C215C}"
EndProject
Project("{8BC9CEB8-8B4A-11D0-8D11-00A0C91BC942}") = "Win32", "Executable\Win32\Win32.vcxproj", "{44BEE791-5D97-4AA4-B0FE-DEA29C8413C4}"
EndProject
Project("{8BC9CEB8-8B4A-11D0-8D11-00A0C91BC942}") = "MidiParser_Lib", "Model\MidiParserLib\MidiParserLib.vcxproj", "{11C92B13-D477-473A-820E-724711D8DE72}"
EndProject
Global
	GlobalSection(SolutionConfigurationPlatforms) = preSolution
		Debug|x64 = Debug|x64
		Debug|x86 = Debug|x86
		Release|x64 = Release|x64
		Release|x86 = Release|x86
	EndGlobalSection
	GlobalSection(ProjectConfigurationPlatforms) = postSolution
		{EE4DD4DF-B133-4319-948F-E8A39D98F229}.Debug|x64.ActiveCfg = Debug|x64
		{EE4DD4DF-B133-4319-948F-E8A39D98F229}.Debug|x64.Build.0 = Debug|x64
		{EE4DD4DF-B133-4319-948F-E8A39D98F229}.Debug|x86.ActiveCfg = Debug|Win32
		{EE4DD4DF-B133-4319-948F-E8A39D98F229}.Debug|x86.Build.0 = Debug|Win32
		{EE4DD4DF-B133-4319-948F-E8A39D98F229}.Release|x64.ActiveCfg = Release|x64
		{EE4DD4DF-B133-4319-948F-E8A39D98F229}.Release|x64.Build.0 = Release|x64
		{EE4DD4DF-B133-4319-948F-E8A39D98F229}.Release|x86.ActiveCfg = Release|Win32
		{EE4DD4DF-B133-4319-948F-E8A39D98F229}.Release|x86.Build.0 = Release|Win32
		{E6C97822-4194-48AE-96C9-7D8CAA8AF66D}.Debug|x64.ActiveCfg = Debug|x64
		{E6C97822-4194-48AE-96C9-7D8CAA8AF66D}.Debug|x64.Build.0 = Debug|x64
		{E6C97822-4194-48AE-96C9-7D8CAA8AF66D}.Debug|x86.ActiveCfg = Debug|Win32
		{E6C97822-4194-48AE-96C9-7D8CAA8AF66D}.Debug|x86.Build.0 = Debug|Win32
		{E6C97822-4194-48AE-96C9-7D8CAA8AF66D}.Release|x64.ActiveCfg = Release|x64
		{E6C97822-4194-48AE-96C9-7D8CAA8AF66D}.Release|x64.Build.0 = Release|x64
		{E6C97822-4194-48AE-96C9-7D8CAA8AF66D}.Release|x86.ActiveCfg = Release|Win32
		{E6C97822-4194-48AE-96C9-7D8CAA8AF66D}.Release|x86.Build.0 = Release|Win32
		{28C65A99-4DD1-44E1-909A-2268C2183E92}.Debug|x64.ActiveCfg = Debug|x64
		{28C65A99-4DD1-44E1-909A-2268C2183E92}.Debug|x64.Build.0 = Debug|x64
		{28C65A99-4DD1-44E1-909A-2268C2183E92}.Debug|x86.ActiveCfg = Debug|Win32
		{28C65A99-4DD1-44E1-909A-2268C2183E92}.Debug|x86.Build.0 = Debug|Win32
		{28C65A99-4DD1-44E1-909A-2268C2183E92}.Release|x64.ActiveCfg = Release|x64
		{28C65A99-4DD1-44E1-909A-2268C2183E92}.Release|x64.Build.0 = Release|x64
		{28C65A99-4DD1-44E1-909A-2268C2183E92}.Release|x86.ActiveCfg = Release|Win32
		{28C65A99-4DD1-44E1-909A-2268C2183E92}.Release|x86.Build.0 = Release|Win32
		{E9B2F1F7-750B-4EFF-B86A-7ADF1B4F69E8}.Debug|x64.ActiveCfg = Debug|Win32
		{E9B2F1F7-750B-4EFF-B86A-7ADF1B4F69E8}.Debug|x86.ActiveCfg = Debug|Win32
		{E9B2F1F7-750B-4EFF-B86A-7ADF1B4F69E8}.Debug|x86.Build.0 = Debug|Win32
		{E9B2F1F7-750B-4EFF-B86A-7ADF1B4F69E8}.Release|x64.ActiveCfg = Release|Win32
		{E9B2F1F7-750B-4EFF-B86A-7ADF1B4F69E8}.Release|x86.ActiveCfg = Release|Win32
		{E9B2F1F7-750B-4EFF-B86A-7ADF1B4F69E8}.Release|x86.Build.0 = Release|Win32
		{156E96A3-4C6B-4F5A-ABA2-D432DA6C215C}.Debug|x64.ActiveCfg = Debug|x64
		{156E96A3-4C6B-4F5A-ABA2-D432DA6C215C}.Debug|x64.Build.0 = Debug|x64
		{156E96A3-4C6B-4F5A-ABA2-D432DA6C215C}.Debug|x86.ActiveCfg = Debug|Win32
		{156E96A3-4C6B-4F5A-ABA2-D432DA6C215C}.Debug|x86.Build.0 = Debug|Win32
		{156E96A3-4C6B-4F5A-ABA2-D432DA6C215C}.Release|x64.ActiveCfg = Release|x64
		{156E96A3-4C6B-4F5A-ABA2-D432DA6C215C}.Release|x64.Build.0 = Release|x64
		{156E96A3-4C6B-4F5A-ABA2-D432DA6C215C}.Release|x86.ActiveCfg = Release|Win32
		{156E96A3-4C6B-4F5A-ABA2-D432DA6C215C}.Release|x86.Build.0 = Release|Win32
		{44BEE791-5D97-4AA4-B0FE-DEA29C8413C4}.Debug|x64.ActiveCfg = Debug|x64
		{44BEE791-5D97-4AA4-B0FE-DEA29C8413C4}.Debug|x64.Build.0 = Debug|x64
		{44BEE791-5D97-4AA4-B0FE-DEA29C8413C4}.Debug|x86.ActiveCfg = Debug|Win32
		{44BEE791-5D97-4AA4-B0FE-DEA29C8413C4}.Debug|x86.Build.0 = Debug|Win32
		{44BEE791-5D97-4AA4-B0FE-DEA29C8413C4}.Release|x64.ActiveCfg = Release|x64
		{44BEE791-5D97-4AA4-B0FE-DEA29C8413C4}.Release|x64.Build.0 = Release|x64
		{44BEE791-5D97-4AA4-B0FE-DEA29C8413C4}.Release|x86.ActiveCfg = Release|Win32
		{44BEE791-5D97-4AA4-B0FE-DEA29C8413C4}.Release|x86.Build.0 = Release|Win32
		{11C92B13-D477-473A-820E-724711D8DE72}.Debug|x64.ActiveCfg = Debug|x64
		{11C92B13-D477-473A-820E-724711D8DE72}.Debug|x64.Build.0 = Debug|x64
		{11C92B13-D477-473A-820E-724711D8DE72}.Debug|x86.ActiveCfg = Debug|Win32
		{11C92B13-D477-473A-820E-724711D8DE72}.Debug|x86.Build.0 = Debug|Win32
		{11C92B13-D477-473A-820E-724711D8DE72}.Release|x64.ActiveCfg = Release|x64
		{11C92B13-D477-473A-820E-724711D8DE72}.Release|x64.Build.0 = Release|x64
		{11C92B13-D477-473A-820E-724711D8DE72}.Release|x86.ActiveCfg = Release|Win32
		{11C92B13-D477-473A-820E-724711D8DE72}.Release|x86.Build.0 = Release|Win32
	EndGlobalSection
	GlobalSection(SolutionProperties) = preSolution
		HideSolutionNode = FALSE
	EndGlobalSection
	GlobalSection(NestedProjects) = preSolution
		{EE4DD4DF-B133-4319-948F-E8A39D98F229} = {61CD4801-9DBE-4631-BC80-8F141EF2430C}
		{E6C97822-4194-48AE-96C9-7D8CAA8AF66D} = {6E29018B-95DA-45C5-AC62-D948887D138E}
		{28C65A99-4DD1-44E1-909A-2268C2183E92} = {6E29018B-95DA-45C5-AC62-D948887D138E}
		{E9B2F1F7-750B-4EFF-B86A-7ADF1B4F69E8} = {BD69CB01-D6F0-4B2A-90D5-517D15C4CF31}
		{156E96A3-4C6B-4F5A-ABA2-D432DA6C215C} = {BD69CB01-D6F0-4B2A-90D5-517D15C4CF31}
		{44BEE791-5D97-4AA4-B0FE-DEA29C8413C4} = {BD69CB01-D6F0-4B2A-90D5-517D15C4CF31}
		{11C92B13-D477-473A-820E-724711D8DE72} = {4132DFDA-F9BE-4F25-AD2C-A56C3670FFC9}
	EndGlobalSection
EndGlobal
