
Microsoft Visual Studio Solution File, Format Version 12.00
# Visual Studio 14
VisualStudioVersion = 14.0.23107.0
MinimumVisualStudioVersion = 10.0.40219.1
Project("{2150E333-8FDC-42A3-9474-1A3956D46DE8}") = "Executable", "Executable", "{BD69CB01-D6F0-4B2A-90D5-517D15C4CF31}"
EndProject
Project("{2150E333-8FDC-42A3-9474-1A3956D46DE8}") = "Model", "Model", "{4132DFDA-F9BE-4F25-AD2C-A56C3670FFC9}"
EndProject
Project("{2150E333-8FDC-42A3-9474-1A3956D46DE8}") = "Interface", "Interface", "{61CD4801-9DBE-4631-BC80-8F141EF2430C}"
EndProject
Project("{8BC9CEB8-8B4A-11D0-8D11-00A0C91BC942}") = "Console", "Executable\Console\Console.vcxproj", "{E9B2F1F7-750B-4EFF-B86A-7ADF1B4F69E8}"
EndProject
Project("{8BC9CEB8-8B4A-11D0-8D11-00A0C91BC942}") = "gTests", "Executable\gTests\gTests.vcxproj", "{156E96A3-4C6B-4F5A-ABA2-D432DA6C215C}"
EndProject
Project("{8BC9CEB8-8B4A-11D0-8D11-00A0C91BC942}") = "Win32", "Executable\Win32\Win32.vcxproj", "{44BEE791-5D97-4AA4-B0FE-DEA29C8413C4}"
EndProject
Project("{8BC9CEB8-8B4A-11D0-8D11-00A0C91BC942}") = "View_Lib", "Interface\View\ViewLib\ViewLib.vcxproj", "{EE4DD4DF-B133-4319-948F-E8A39D98F229}"
EndProject
Project("{8BC9CEB8-8B4A-11D0-8D11-00A0C91BC942}") = "Sound_Lib", "Interface\Sound\Sound_Lib\Sound_Lib.vcxproj", "{E7D691D1-F9DE-480A-94E8-D5C3466FE49A}"
EndProject
Project("{8BC9CEB8-8B4A-11D0-8D11-00A0C91BC942}") = "MidiPlayback_Lib", "Model\MidiPlayback_Lib\MidiPlayback_Lib.vcxproj", "{A7866A30-7F37-4B20-8A9C-396333A46D8F}"
EndProject
Project("{8BC9CEB8-8B4A-11D0-8D11-00A0C91BC942}") = "Fingering_Lib", "Model\Fingering_Lib\Fingering_Lib.vcxproj", "{EE8C95D4-1BA5-41E0-9140-75F29D0F6E97}"
EndProject
Global
	GlobalSection(SolutionConfigurationPlatforms) = preSolution
		Debug|x64 = Debug|x64
		Debug|x86 = Debug|x86
		Release|x64 = Release|x64
		Release|x86 = Release|x86
	EndGlobalSection
	GlobalSection(ProjectConfigurationPlatforms) = postSolution
		{E9B2F1F7-750B-4EFF-B86A-7ADF1B4F69E8}.Debug|x64.ActiveCfg = Debug|Win32
		{E9B2F1F7-750B-4EFF-B86A-7ADF1B4F69E8}.Debug|x86.ActiveCfg = Debug|Win32
		{E9B2F1F7-750B-4EFF-B86A-7ADF1B4F69E8}.Debug|x86.Build.0 = Debug|Win32
		{E9B2F1F7-750B-4EFF-B86A-7ADF1B4F69E8}.Release|x64.ActiveCfg = Release|Win32
		{E9B2F1F7-750B-4EFF-B86A-7ADF1B4F69E8}.Release|x86.ActiveCfg = Release|Win32
		{E9B2F1F7-750B-4EFF-B86A-7ADF1B4F69E8}.Release|x86.Build.0 = Release|Win32
		{156E96A3-4C6B-4F5A-ABA2-D432DA6C215C}.Debug|x64.ActiveCfg = Debug|x64
		{156E96A3-4C6B-4F5A-ABA2-D432DA6C215C}.Debug|x64.Build.0 = Debug|x64
		{156E96A3-4C6B-4F5A-ABA2-D432DA6C215C}.Debug|x86.ActiveCfg = Debug|Win32
		{156E96A3-4C6B-4F5A-ABA2-D432DA6C215C}.Debug|x86.Build.0 = Debug|Win32
		{156E96A3-4C6B-4F5A-ABA2-D432DA6C215C}.Release|x64.ActiveCfg = Release|x64
		{156E96A3-4C6B-4F5A-ABA2-D432DA6C215C}.Release|x64.Build.0 = Release|x64
		{156E96A3-4C6B-4F5A-ABA2-D432DA6C215C}.Release|x86.ActiveCfg = Release|Win32
		{156E96A3-4C6B-4F5A-ABA2-D432DA6C215C}.Release|x86.Build.0 = Release|Win32
		{44BEE791-5D97-4AA4-B0FE-DEA29C8413C4}.Debug|x64.ActiveCfg = Debug|x64
		{44BEE791-5D97-4AA4-B0FE-DEA29C8413C4}.Debug|x64.Build.0 = Debug|x64
		{44BEE791-5D97-4AA4-B0FE-DEA29C8413C4}.Debug|x86.ActiveCfg = Debug|Win32
		{44BEE791-5D97-4AA4-B0FE-DEA29C8413C4}.Debug|x86.Build.0 = Debug|Win32
		{44BEE791-5D97-4AA4-B0FE-DEA29C8413C4}.Release|x64.ActiveCfg = Release|x64
		{44BEE791-5D97-4AA4-B0FE-DEA29C8413C4}.Release|x64.Build.0 = Release|x64
		{44BEE791-5D97-4AA4-B0FE-DEA29C8413C4}.Release|x86.ActiveCfg = Release|Win32
		{44BEE791-5D97-4AA4-B0FE-DEA29C8413C4}.Release|x86.Build.0 = Release|Win32
		{EE4DD4DF-B133-4319-948F-E8A39D98F229}.Debug|x64.ActiveCfg = Debug|x64
		{EE4DD4DF-B133-4319-948F-E8A39D98F229}.Debug|x64.Build.0 = Debug|x64
		{EE4DD4DF-B133-4319-948F-E8A39D98F229}.Debug|x86.ActiveCfg = Debug|Win32
		{EE4DD4DF-B133-4319-948F-E8A39D98F229}.Debug|x86.Build.0 = Debug|Win32
		{EE4DD4DF-B133-4319-948F-E8A39D98F229}.Release|x64.ActiveCfg = Release|x64
		{EE4DD4DF-B133-4319-948F-E8A39D98F229}.Release|x64.Build.0 = Release|x64
		{EE4DD4DF-B133-4319-948F-E8A39D98F229}.Release|x86.ActiveCfg = Release|Win32
		{EE4DD4DF-B133-4319-948F-E8A39D98F229}.Release|x86.Build.0 = Release|Win32
		{E7D691D1-F9DE-480A-94E8-D5C3466FE49A}.Debug|x64.ActiveCfg = Debug|x64
		{E7D691D1-F9DE-480A-94E8-D5C3466FE49A}.Debug|x64.Build.0 = Debug|x64
		{E7D691D1-F9DE-480A-94E8-D5C3466FE49A}.Debug|x86.ActiveCfg = Debug|Win32
		{E7D691D1-F9DE-480A-94E8-D5C3466FE49A}.Debug|x86.Build.0 = Debug|Win32
		{E7D691D1-F9DE-480A-94E8-D5C3466FE49A}.Release|x64.ActiveCfg = Release|x64
		{E7D691D1-F9DE-480A-94E8-D5C3466FE49A}.Release|x64.Build.0 = Release|x64
		{E7D691D1-F9DE-480A-94E8-D5C3466FE49A}.Release|x86.ActiveCfg = Release|Win32
		{E7D691D1-F9DE-480A-94E8-D5C3466FE49A}.Release|x86.Build.0 = Release|Win32
		{A7866A30-7F37-4B20-8A9C-396333A46D8F}.Debug|x64.ActiveCfg = Debug|x64
		{A7866A30-7F37-4B20-8A9C-396333A46D8F}.Debug|x64.Build.0 = Debug|x64
		{A7866A30-7F37-4B20-8A9C-396333A46D8F}.Debug|x86.ActiveCfg = Debug|Win32
		{A7866A30-7F37-4B20-8A9C-396333A46D8F}.Debug|x86.Build.0 = Debug|Win32
		{A7866A30-7F37-4B20-8A9C-396333A46D8F}.Release|x64.ActiveCfg = Release|x64
		{A7866A30-7F37-4B20-8A9C-396333A46D8F}.Release|x64.Build.0 = Release|x64
		{A7866A30-7F37-4B20-8A9C-396333A46D8F}.Release|x86.ActiveCfg = Release|Win32
		{A7866A30-7F37-4B20-8A9C-396333A46D8F}.Release|x86.Build.0 = Release|Win32
		{EE8C95D4-1BA5-41E0-9140-75F29D0F6E97}.Debug|x64.ActiveCfg = Debug|x64
		{EE8C95D4-1BA5-41E0-9140-75F29D0F6E97}.Debug|x64.Build.0 = Debug|x64
		{EE8C95D4-1BA5-41E0-9140-75F29D0F6E97}.Debug|x86.ActiveCfg = Debug|Win32
		{EE8C95D4-1BA5-41E0-9140-75F29D0F6E97}.Debug|x86.Build.0 = Debug|Win32
		{EE8C95D4-1BA5-41E0-9140-75F29D0F6E97}.Release|x64.ActiveCfg = Release|x64
		{EE8C95D4-1BA5-41E0-9140-75F29D0F6E97}.Release|x64.Build.0 = Release|x64
		{EE8C95D4-1BA5-41E0-9140-75F29D0F6E97}.Release|x86.ActiveCfg = Release|Win32
		{EE8C95D4-1BA5-41E0-9140-75F29D0F6E97}.Release|x86.Build.0 = Release|Win32
	EndGlobalSection
	GlobalSection(SolutionProperties) = preSolution
		HideSolutionNode = FALSE
	EndGlobalSection
	GlobalSection(NestedProjects) = preSolution
		{E9B2F1F7-750B-4EFF-B86A-7ADF1B4F69E8} = {BD69CB01-D6F0-4B2A-90D5-517D15C4CF31}
		{156E96A3-4C6B-4F5A-ABA2-D432DA6C215C} = {BD69CB01-D6F0-4B2A-90D5-517D15C4CF31}
		{44BEE791-5D97-4AA4-B0FE-DEA29C8413C4} = {BD69CB01-D6F0-4B2A-90D5-517D15C4CF31}
		{EE4DD4DF-B133-4319-948F-E8A39D98F229} = {61CD4801-9DBE-4631-BC80-8F141EF2430C}
		{E7D691D1-F9DE-480A-94E8-D5C3466FE49A} = {61CD4801-9DBE-4631-BC80-8F141EF2430C}
		{A7866A30-7F37-4B20-8A9C-396333A46D8F} = {4132DFDA-F9BE-4F25-AD2C-A56C3670FFC9}
		{EE8C95D4-1BA5-41E0-9140-75F29D0F6E97} = {4132DFDA-F9BE-4F25-AD2C-A56C3670FFC9}
	EndGlobalSection
EndGlobal
