<?xml version="1.0" encoding="utf-8"?>
<Project ToolsVersion="4.0" xmlns="http://schemas.microsoft.com/developer/msbuild/2003">
  <ItemGroup>
    <Filter Include="Source Files">
      <UniqueIdentifier>{4FC737F1-C7A5-4376-A066-2A32D752A2FF}</UniqueIdentifier>
      <Extensions>cpp;c;cc;cxx;def;odl;idl;hpj;bat;asm;asmx</Extensions>
    </Filter>
    <Filter Include="Header Files">
      <UniqueIdentifier>{93995380-89BD-4b04-88EB-625FBE52EBFB}</UniqueIdentifier>
      <Extensions>h;hh;hpp;hxx;hm;inl;inc;xsd</Extensions>
    </Filter>
    <Filter Include="Resource Files">
      <UniqueIdentifier>{67DA6AB6-F800-4c08-8B7A-83BB121AAD01}</UniqueIdentifier>
      <Extensions>rc;ico;cur;bmp;dlg;rc2;rct;bin;rgs;gif;jpg;jpeg;jpe;resx;tiff;tif;png;wav;mfcribbon-ms</Extensions>
    </Filter>
    <Filter Include="Header Files\Include">
      <UniqueIdentifier>{ab015753-2bee-444a-a7f7-a71e16d48006}</UniqueIdentifier>
    </Filter>
    <Filter Include="Header Files\Lib">
      <UniqueIdentifier>{6f5edc2b-9ab2-4e25-aad4-3a94a3000519}</UniqueIdentifier>
    </Filter>
    <Filter Include="Header Files\Lib\MidiLog">
      <UniqueIdentifier>{5b1ac6d7-a0d1-4163-88e4-3ada5819ba79}</UniqueIdentifier>
    </Filter>
    <Filter Include="Header Files\Lib\Keyboard">
      <UniqueIdentifier>{be392e3b-b834-426c-ad76-9f315cdced41}</UniqueIdentifier>
    </Filter>
    <Filter Include="Source Files\Keyboard">
      <UniqueIdentifier>{7411b87c-4ffb-4061-944e-50827f9c9aac}</UniqueIdentifier>
    </Filter>
    <Filter Include="Source Files\Factory">
      <UniqueIdentifier>{32b13281-744b-4d2d-9d8d-5fb8ad85ef3c}</UniqueIdentifier>
    </Filter>
    <Filter Include="Source Files\MidiLog">
      <UniqueIdentifier>{5110f3eb-8768-44dc-a633-9a2db329004e}</UniqueIdentifier>
    </Filter>
  </ItemGroup>
  <ItemGroup>
    <ClInclude Include="stdafx.h">
      <Filter>Header Files</Filter>
    </ClInclude>
    <ClInclude Include="targetver.h">
      <Filter>Header Files</Filter>
    </ClInclude>
    <ClInclude Include="..\Include\Keyboard.h">
      <Filter>Header Files\Include</Filter>
    </ClInclude>
    <ClInclude Include="..\Include\MidiLog.h">
      <Filter>Header Files\Include</Filter>
    </ClInclude>
    <ClInclude Include="..\ViewFactory.h">
      <Filter>Header Files</Filter>
    </ClInclude>
    <ClInclude Include="Factory_Console.h">
      <Filter>Header Files\Lib</Filter>
    </ClInclude>
    <ClInclude Include="Factory_Win32.h">
      <Filter>Header Files\Lib</Filter>
    </ClInclude>
    <ClInclude Include="Keyboard_Console.h">
      <Filter>Header Files\Lib\Keyboard</Filter>
    </ClInclude>
    <ClInclude Include="Keyboard_Console_handle.h">
      <Filter>Header Files\Lib\Keyboard</Filter>
    </ClInclude>
    <ClInclude Include="KeyboardStruct.h">
      <Filter>Header Files\Lib\Keyboard</Filter>
    </ClInclude>
    <ClInclude Include="Keyboard_Win32.h">
      <Filter>Header Files\Lib\Keyboard</Filter>
    </ClInclude>
    <ClInclude Include="MidiLog_Console.h">
      <Filter>Header Files\Lib\MidiLog</Filter>
    </ClInclude>
    <ClInclude Include="MidiLog_Win32.h">
      <Filter>Header Files\Lib\MidiLog</Filter>
    </ClInclude>
    <ClInclude Include="NoteNames.h">
      <Filter>Header Files\Lib\Keyboard</Filter>
    </ClInclude>
  </ItemGroup>
  <ItemGroup>
    <ClCompile Include="stdafx.cpp">
      <Filter>Source Files</Filter>
    </ClCompile>
    <ClCompile Include="Keyboard_Console.cpp">
      <Filter>Source Files\Keyboard</Filter>
    </ClCompile>
    <ClCompile Include="KeyboardStruct.cpp">
      <Filter>Source Files\Keyboard</Filter>
    </ClCompile>
    <ClCompile Include="Factory_Console.cpp">
      <Filter>Source Files\Factory</Filter>
    </ClCompile>
    <ClCompile Include="Factory_Win32.cpp">
      <Filter>Source Files\Factory</Filter>
    </ClCompile>
    <ClCompile Include="MidiLog.cpp">
      <Filter>Source Files\MidiLog</Filter>
    </ClCompile>
    <ClCompile Include="ViewFactory.cpp">
      <Filter>Source Files</Filter>
    </ClCompile>
  </ItemGroup>
</Project>