<?xml version="1.0" encoding="utf-8"?>
<Project ToolsVersion="4.0" xmlns="http://schemas.microsoft.com/developer/msbuild/2003">
  <ItemGroup>
    <Filter Include="Source Files">
      <UniqueIdentifier>{4FC737F1-C7A5-4376-A066-2A32D752A2FF}</UniqueIdentifier>
      <Extensions>cpp;c;cc;cxx;def;odl;idl;hpj;bat;asm;asmx</Extensions>
    </Filter>
    <Filter Include="Header Files">
      <UniqueIdentifier>{93995380-89BD-4b04-88EB-625FBE52EBFB}</UniqueIdentifier>
      <Extensions>h;hh;hpp;hxx;hm;inl;inc;xsd</Extensions>
    </Filter>
    <Filter Include="Resource Files">
      <UniqueIdentifier>{67DA6AB6-F800-4c08-8B7A-83BB121AAD01}</UniqueIdentifier>
      <Extensions>rc;ico;cur;bmp;dlg;rc2;rct;bin;rgs;gif;jpg;jpeg;jpe;resx;tiff;tif;png;wav;mfcribbon-ms</Extensions>
    </Filter>
    <Filter Include="Source Files\Event">
      <UniqueIdentifier>{b2573656-268b-4a8e-8cf6-cd94a459f1cb}</UniqueIdentifier>
    </Filter>
    <Filter Include="Header Files\Event">
      <UniqueIdentifier>{b819372e-d5ef-440d-bb47-88f6b612c436}</UniqueIdentifier>
    </Filter>
    <Filter Include="Header Files\Event\Meta Event">
      <UniqueIdentifier>{9676fcf4-c9d1-49e2-965e-6237fec5199d}</UniqueIdentifier>
    </Filter>
    <Filter Include="Source Files\Event\Meta Event">
      <UniqueIdentifier>{f21e0249-a59c-469f-9bb2-9f794185cb89}</UniqueIdentifier>
    </Filter>
    <Filter Include="Header Files\Parser">
      <UniqueIdentifier>{43671130-d3f7-4457-902c-7bf7588dde21}</UniqueIdentifier>
    </Filter>
    <Filter Include="Source Files\Parser">
      <UniqueIdentifier>{ca2b168a-7e85-4509-a1de-fa5fbfec5366}</UniqueIdentifier>
    </Filter>
    <Filter Include="Header Files\Struct">
      <UniqueIdentifier>{e2ddcbe7-4f1b-4778-a568-5766f1725b8c}</UniqueIdentifier>
    </Filter>
    <Filter Include="Source Files\Struct">
      <UniqueIdentifier>{ee29d3f6-fe0f-46a5-bb27-0660a06bacc0}</UniqueIdentifier>
    </Filter>
    <Filter Include="Header Files\Compiler">
      <UniqueIdentifier>{b1c3060e-2ee2-4975-8394-7a810e2ca814}</UniqueIdentifier>
    </Filter>
    <Filter Include="Source Files\Compiler">
      <UniqueIdentifier>{2a69bad5-1024-4363-8871-979bb8b5624e}</UniqueIdentifier>
    </Filter>
  </ItemGroup>
  <ItemGroup>
    <ClInclude Include="stdafx.h">
      <Filter>Header Files</Filter>
    </ClInclude>
    <ClInclude Include="targetver.h">
      <Filter>Header Files</Filter>
    </ClInclude>
    <ClInclude Include="FileParser.h">
      <Filter>Header Files\Parser</Filter>
    </ClInclude>
    <ClInclude Include="MidiStruct.h">
      <Filter>Header Files\Struct</Filter>
    </ClInclude>
    <ClInclude Include="NoteNames.h">
      <Filter>Header Files\Struct</Filter>
    </ClInclude>
    <ClInclude Include="Event.h">
      <Filter>Header Files\Event</Filter>
    </ClInclude>
    <ClInclude Include="MidiChunksReader.h">
      <Filter>Header Files\Parser</Filter>
    </ClInclude>
    <ClInclude Include="MidiParser.h">
      <Filter>Header Files\Parser</Filter>
    </ClInclude>
    <ClInclude Include="IFileParser.h">
      <Filter>Header Files\Parser</Filter>
    </ClInclude>
    <ClInclude Include="FileCounter.h">
      <Filter>Header Files\Parser</Filter>
    </ClInclude>
    <ClInclude Include="MidiEvent.h">
      <Filter>Header Files\Event</Filter>
    </ClInclude>
    <ClInclude Include="SystemEvent.h">
      <Filter>Header Files\Event</Filter>
    </ClInclude>
    <ClInclude Include="MetaEvent.h">
      <Filter>Header Files\Event\Meta Event</Filter>
    </ClInclude>
    <ClInclude Include="MetaEvent_EndTrack.h">
      <Filter>Header Files\Event\Meta Event</Filter>
    </ClInclude>
    <ClInclude Include="MetaEvent_KeySign.h">
      <Filter>Header Files\Event\Meta Event</Filter>
    </ClInclude>
    <ClInclude Include="MetaEvent_Skip.h">
      <Filter>Header Files\Event\Meta Event</Filter>
    </ClInclude>
    <ClInclude Include="MetaEvent_Tempo.h">
      <Filter>Header Files\Event\Meta Event</Filter>
    </ClInclude>
    <ClInclude Include="MetaEvent_Text.h">
      <Filter>Header Files\Event\Meta Event</Filter>
    </ClInclude>
    <ClInclude Include="MetaEvent_KeySign_printer.h">
      <Filter>Header Files\Event\Meta Event</Filter>
    </ClInclude>
    <ClInclude Include="IMidiParser.h">
      <Filter>Header Files\Parser</Filter>
    </ClInclude>
    <ClInclude Include="..\MidiParser_Facade.h">
      <Filter>Header Files</Filter>
    </ClInclude>
    <ClInclude Include="MidiTracksCollector.h">
      <Filter>Header Files\Compiler</Filter>
    </ClInclude>
    <ClInclude Include="MidiTimeCalculator.h">
      <Filter>Header Files\Compiler</Filter>
    </ClInclude>
  </ItemGroup>
  <ItemGroup>
    <ClCompile Include="stdafx.cpp">
      <Filter>Source Files</Filter>
    </ClCompile>
    <ClCompile Include="Event.cpp">
      <Filter>Source Files\Event</Filter>
    </ClCompile>
    <ClCompile Include="MidiStruct.cpp">
      <Filter>Source Files\Struct</Filter>
    </ClCompile>
    <ClCompile Include="NoteNames.cpp">
      <Filter>Source Files\Struct</Filter>
    </ClCompile>
    <ClCompile Include="MidiChunksReader.cpp">
      <Filter>Source Files\Parser</Filter>
    </ClCompile>
    <ClCompile Include="MidiParser.cpp">
      <Filter>Source Files\Parser</Filter>
    </ClCompile>
    <ClCompile Include="FileParser.cpp">
      <Filter>Source Files\Parser</Filter>
    </ClCompile>
    <ClCompile Include="MidiEvent.cpp">
      <Filter>Source Files\Event</Filter>
    </ClCompile>
    <ClCompile Include="SystemEvent.cpp">
      <Filter>Source Files\Event</Filter>
    </ClCompile>
    <ClCompile Include="MetaEvent_Text.cpp">
      <Filter>Source Files\Event\Meta Event</Filter>
    </ClCompile>
    <ClCompile Include="MetaEvent_Tempo.cpp">
      <Filter>Source Files\Event\Meta Event</Filter>
    </ClCompile>
    <ClCompile Include="MetaEvent_Skip.cpp">
      <Filter>Source Files\Event\Meta Event</Filter>
    </ClCompile>
    <ClCompile Include="MetaEvent_KeySign.cpp">
      <Filter>Source Files\Event\Meta Event</Filter>
    </ClCompile>
    <ClCompile Include="MetaEvent_EndTrack.cpp">
      <Filter>Source Files\Event\Meta Event</Filter>
    </ClCompile>
    <ClCompile Include="MetaEvent.cpp">
      <Filter>Source Files\Event\Meta Event</Filter>
    </ClCompile>
    <ClCompile Include="MetaEvent_KeySign_printer.cpp">
      <Filter>Source Files\Event\Meta Event</Filter>
    </ClCompile>
    <ClCompile Include="IMidiParser.cpp">
      <Filter>Source Files\Parser</Filter>
    </ClCompile>
    <ClCompile Include="MidiParser_Facade.cpp">
      <Filter>Source Files</Filter>
    </ClCompile>
    <ClCompile Include="MidiTracksCollector.cpp">
      <Filter>Source Files\Compiler</Filter>
    </ClCompile>
    <ClCompile Include="MidiTimeCalculator.cpp">
      <Filter>Source Files\Compiler</Filter>
    </ClCompile>
  </ItemGroup>
</Project>