<?xml version="1.0" encoding="utf-8"?>
<Project ToolsVersion="4.0" xmlns="http://schemas.microsoft.com/developer/msbuild/2003">
  <ItemGroup>
    <Filter Include="Source Files">
      <UniqueIdentifier>{4FC737F1-C7A5-4376-A066-2A32D752A2FF}</UniqueIdentifier>
      <Extensions>cpp;c;cc;cxx;def;odl;idl;hpj;bat;asm;asmx</Extensions>
    </Filter>
    <Filter Include="Header Files">
      <UniqueIdentifier>{93995380-89BD-4b04-88EB-625FBE52EBFB}</UniqueIdentifier>
      <Extensions>h;hh;hpp;hxx;hm;inl;inc;xsd</Extensions>
    </Filter>
    <Filter Include="Resource Files">
      <UniqueIdentifier>{67DA6AB6-F800-4c08-8B7A-83BB121AAD01}</UniqueIdentifier>
      <Extensions>rc;ico;cur;bmp;dlg;rc2;rct;bin;rgs;gif;jpg;jpeg;jpe;resx;tiff;tif;png;wav;mfcribbon-ms</Extensions>
    </Filter>
    <Filter Include="Source Files\Fingering">
      <UniqueIdentifier>{3beaba3f-35a2-4b19-9375-565a905d2d68}</UniqueIdentifier>
    </Filter>
    <Filter Include="Header Files\Fingering">
      <UniqueIdentifier>{b152b19a-eaef-443d-bc8c-6976f7914c20}</UniqueIdentifier>
    </Filter>
    <Filter Include="Header Files\Fingering\Hand Cost Functions">
      <UniqueIdentifier>{1d09d5bf-a616-4d80-959a-59495c8a8f66}</UniqueIdentifier>
    </Filter>
    <Filter Include="Source Files\Fingering\Hand Cost Functions">
      <UniqueIdentifier>{786f6809-09db-4217-9bb2-bf9fbd8fb543}</UniqueIdentifier>
    </Filter>
    <Filter Include="Source Files\Fingering\Hand Cost Functions\Intermediate Calculator">
      <UniqueIdentifier>{353d06c3-c3cb-40ca-95dc-5f1e6d1f3ac9}</UniqueIdentifier>
    </Filter>
    <Filter Include="Source Files\Fingering\Hand Cost Functions\Input Data Values">
      <UniqueIdentifier>{ff253d16-a415-474f-ba7e-24c3199e5796}</UniqueIdentifier>
    </Filter>
    <Filter Include="Source Files\Fingering\Hand Cost Functions\Final Hand Costs">
      <UniqueIdentifier>{2b5447aa-677a-4e96-be92-a5449b87ee92}</UniqueIdentifier>
    </Filter>
    <Filter Include="Source Files\Fingering\Trellis Graph">
      <UniqueIdentifier>{d10800ec-9a67-48a3-88f9-ef42ff342316}</UniqueIdentifier>
    </Filter>
    <Filter Include="Source Files\View">
      <UniqueIdentifier>{c6aa589b-b778-46ad-ad60-9570ecf6006a}</UniqueIdentifier>
    </Filter>
  </ItemGroup>
  <ItemGroup>
    <ClInclude Include="stdafx.h">
      <Filter>Header Files</Filter>
    </ClInclude>
    <ClInclude Include="targetver.h">
      <Filter>Header Files</Filter>
    </ClInclude>
    <ClInclude Include="Fingering_CostCommon.h">
      <Filter>Header Files\Fingering\Hand Cost Functions</Filter>
    </ClInclude>
    <ClInclude Include="Fingering_CostTable.h">
      <Filter>Header Files\Fingering\Hand Cost Functions</Filter>
    </ClInclude>
    <ClInclude Include="TrellisGraph_Common.h">
      <Filter>Header Files\Fingering</Filter>
    </ClInclude>
  </ItemGroup>
  <ItemGroup>
    <ClCompile Include="stdafx.cpp">
      <Filter>Source Files</Filter>
    </ClCompile>
    <ClCompile Include="Test_Fingering_CostRules.cpp">
      <Filter>Source Files\Fingering\Hand Cost Functions\Input Data Values</Filter>
    </ClCompile>
    <ClCompile Include="Test_Fingering_DistanceTable.cpp">
      <Filter>Source Files\Fingering\Hand Cost Functions\Input Data Values</Filter>
    </ClCompile>
    <ClCompile Include="Test_Fingering_PolyCosts.cpp">
      <Filter>Source Files\Fingering\Hand Cost Functions\Intermediate Calculator</Filter>
    </ClCompile>
    <ClCompile Include="Test_Fingering_VerticalCost.cpp">
      <Filter>Source Files\Fingering\Hand Cost Functions\Final Hand Costs</Filter>
    </ClCompile>
    <ClCompile Include="Test_Fingering_MonoCosts.cpp">
      <Filter>Source Files\Fingering\Hand Cost Functions\Intermediate Calculator</Filter>
    </ClCompile>
    <ClCompile Include="Test_Fingering_HorizontalCost.cpp">
      <Filter>Source Files\Fingering\Hand Cost Functions\Final Hand Costs</Filter>
    </ClCompile>
    <ClCompile Include="Fingering_CostCommon.cpp">
      <Filter>Source Files\Fingering\Hand Cost Functions</Filter>
    </ClCompile>
    <ClCompile Include="Fingering_CostTable.cpp">
      <Filter>Source Files\Fingering\Hand Cost Functions</Filter>
    </ClCompile>
    <ClCompile Include="Test_Fingering_ChordFingVariations.cpp">
      <Filter>Source Files\Fingering\Trellis Graph</Filter>
    </ClCompile>
    <ClCompile Include="Test_Fingering_NodesLinker.cpp">
      <Filter>Source Files\Fingering\Trellis Graph</Filter>
    </ClCompile>
    <ClCompile Include="Test_Fingering_TrellisGraph_Facade.cpp">
      <Filter>Source Files\Fingering</Filter>
    </ClCompile>
    <ClCompile Include="Test_View_NoteNames.cpp">
      <Filter>Source Files\View</Filter>
    </ClCompile>
    <ClCompile Include="Test_Fingering_BlackWhiteKeys.cpp">
      <Filter>Source Files\Fingering\Hand Cost Functions\Input Data Values</Filter>
    </ClCompile>
  </ItemGroup>
</Project>