<?xml version="1.0" encoding="utf-8"?>
<Project ToolsVersion="4.0" xmlns="http://schemas.microsoft.com/developer/msbuild/2003">
  <ItemGroup>
    <Filter Include="Source Files">
      <UniqueIdentifier>{4FC737F1-C7A5-4376-A066-2A32D752A2FF}</UniqueIdentifier>
      <Extensions>cpp;c;cc;cxx;def;odl;idl;hpj;bat;asm;asmx</Extensions>
    </Filter>
    <Filter Include="Header Files">
      <UniqueIdentifier>{93995380-89BD-4b04-88EB-625FBE52EBFB}</UniqueIdentifier>
      <Extensions>h;hh;hpp;hxx;hm;inl;inc;xsd</Extensions>
    </Filter>
    <Filter Include="Resource Files">
      <UniqueIdentifier>{67DA6AB6-F800-4c08-8B7A-83BB121AAD01}</UniqueIdentifier>
      <Extensions>rc;ico;cur;bmp;dlg;rc2;rct;bin;rgs;gif;jpg;jpeg;jpe;resx;tiff;tif;png;wav;mfcribbon-ms</Extensions>
    </Filter>
    <Filter Include="Source Files\CodeMetrics">
      <UniqueIdentifier>{432c9751-7a9f-470f-be24-9c8606079a99}</UniqueIdentifier>
    </Filter>
    <Filter Include="Source Files\MidiParser">
      <UniqueIdentifier>{a8d42ef9-4342-4bbb-9491-19f1674f91af}</UniqueIdentifier>
    </Filter>
    <Filter Include="Source Files\MidiParser\Struct">
      <UniqueIdentifier>{b6d7f16e-2ff3-4f50-87aa-5cdfe513cafa}</UniqueIdentifier>
    </Filter>
    <Filter Include="Source Files\MidiParser\Parser">
      <UniqueIdentifier>{8ad1ae2b-e685-4192-9336-01044a5db4b9}</UniqueIdentifier>
    </Filter>
    <Filter Include="Source Files\MidiParser\Event">
      <UniqueIdentifier>{bf8fb3be-2309-4725-bd3d-08a3219444d5}</UniqueIdentifier>
    </Filter>
    <Filter Include="Source Files\MidiParser\Event\MetaEvent">
      <UniqueIdentifier>{890a64d4-9668-4984-94dc-94721aab2af0}</UniqueIdentifier>
    </Filter>
    <Filter Include="Header Files\MidiParser">
      <UniqueIdentifier>{b632cee4-3c32-4847-a8d5-24485cc08585}</UniqueIdentifier>
    </Filter>
    <Filter Include="Header Files\MidiParser\Parser">
      <UniqueIdentifier>{8273cd53-5a47-4d7c-a680-84d632e55c80}</UniqueIdentifier>
    </Filter>
    <Filter Include="Header Files\MidiParser\Event">
      <UniqueIdentifier>{5f9047d9-cdbc-40d7-968b-4a3135fb4706}</UniqueIdentifier>
    </Filter>
    <Filter Include="Source Files\Fingering">
      <UniqueIdentifier>{3beaba3f-35a2-4b19-9375-565a905d2d68}</UniqueIdentifier>
    </Filter>
    <Filter Include="Source Files\Fingering\Input Data Values">
      <UniqueIdentifier>{ff253d16-a415-474f-ba7e-24c3199e5796}</UniqueIdentifier>
    </Filter>
    <Filter Include="Source Files\Fingering\Final Hand Costs">
      <UniqueIdentifier>{2b5447aa-677a-4e96-be92-a5449b87ee92}</UniqueIdentifier>
    </Filter>
    <Filter Include="Source Files\Fingering\Intermediate Calculator">
      <UniqueIdentifier>{353d06c3-c3cb-40ca-95dc-5f1e6d1f3ac9}</UniqueIdentifier>
    </Filter>
    <Filter Include="Header Files\Fingering">
      <UniqueIdentifier>{b152b19a-eaef-443d-bc8c-6976f7914c20}</UniqueIdentifier>
    </Filter>
  </ItemGroup>
  <ItemGroup>
    <ClInclude Include="stdafx.h">
      <Filter>Header Files</Filter>
    </ClInclude>
    <ClInclude Include="targetver.h">
      <Filter>Header Files</Filter>
    </ClInclude>
    <ClInclude Include="Fingering_CostTable.h">
      <Filter>Header Files\Fingering</Filter>
    </ClInclude>
    <ClInclude Include="MidiParser_EventCommon.h">
      <Filter>Header Files\MidiParser\Event</Filter>
    </ClInclude>
    <ClInclude Include="MidiParser_FileParser_Mock.h">
      <Filter>Header Files\MidiParser\Parser</Filter>
    </ClInclude>
    <ClInclude Include="MidiParser_Mock.h">
      <Filter>Header Files\MidiParser\Parser</Filter>
    </ClInclude>
    <ClInclude Include="MidiParser_TestFixture_Event.h">
      <Filter>Header Files\MidiParser\Event</Filter>
    </ClInclude>
    <ClInclude Include="CurrentFileName.h">
      <Filter>Header Files\MidiParser</Filter>
    </ClInclude>
    <ClInclude Include="Fingering_CostCommon.h">
      <Filter>Header Files\Fingering</Filter>
    </ClInclude>
  </ItemGroup>
  <ItemGroup>
    <ClCompile Include="stdafx.cpp">
      <Filter>Source Files</Filter>
    </ClCompile>
    <ClCompile Include="Test_CodeMetrics.cpp">
      <Filter>Source Files\CodeMetrics</Filter>
    </ClCompile>
    <ClCompile Include="Fingering_CostTable.cpp">
      <Filter>Source Files\Fingering</Filter>
    </ClCompile>
    <ClCompile Include="Test_Fingering_CostRules.cpp">
      <Filter>Source Files\Fingering\Input Data Values</Filter>
    </ClCompile>
    <ClCompile Include="Test_Fingering_DistanceTable.cpp">
      <Filter>Source Files\Fingering\Input Data Values</Filter>
    </ClCompile>
    <ClCompile Include="Test_Fingering_PolyCosts.cpp">
      <Filter>Source Files\Fingering\Intermediate Calculator</Filter>
    </ClCompile>
    <ClCompile Include="Test_Fingering_VerticalCost.cpp">
      <Filter>Source Files\Fingering\Final Hand Costs</Filter>
    </ClCompile>
    <ClCompile Include="Test_MidiParser_NoteNames.cpp">
      <Filter>Source Files\MidiParser\Struct</Filter>
    </ClCompile>
    <ClCompile Include="Test_MidiParser_MidiStruct.cpp">
      <Filter>Source Files\MidiParser\Struct</Filter>
    </ClCompile>
    <ClCompile Include="MidiParser_FileParser_Mock.cpp">
      <Filter>Source Files\MidiParser\Parser</Filter>
    </ClCompile>
    <ClCompile Include="MidiParser_Mock.cpp">
      <Filter>Source Files\MidiParser\Parser</Filter>
    </ClCompile>
    <ClCompile Include="Test_MidiParser.cpp">
      <Filter>Source Files\MidiParser\Parser</Filter>
    </ClCompile>
    <ClCompile Include="Test_MidiParser_FileParser.cpp">
      <Filter>Source Files\MidiParser\Parser</Filter>
    </ClCompile>
    <ClCompile Include="Test_MidiParser_MidiChunksReader.cpp">
      <Filter>Source Files\MidiParser\Parser</Filter>
    </ClCompile>
    <ClCompile Include="MidiParser_TestFixture_Event.cpp">
      <Filter>Source Files\MidiParser\Event</Filter>
    </ClCompile>
    <ClCompile Include="Test_MidiParser_Event.cpp">
      <Filter>Source Files\MidiParser\Event</Filter>
    </ClCompile>
    <ClCompile Include="Test_MidiParser_SystemEvent.cpp">
      <Filter>Source Files\MidiParser\Event</Filter>
    </ClCompile>
    <ClCompile Include="Test_MidiParser_MidiEvent.cpp">
      <Filter>Source Files\MidiParser\Event</Filter>
    </ClCompile>
    <ClCompile Include="Test_MidiParser_MetaEvent.cpp">
      <Filter>Source Files\MidiParser\Event\MetaEvent</Filter>
    </ClCompile>
    <ClCompile Include="Test_MidiParser_MetaEvent_EndTrack.cpp">
      <Filter>Source Files\MidiParser\Event\MetaEvent</Filter>
    </ClCompile>
    <ClCompile Include="Test_MidiParser_MetaEvent_KeySign.cpp">
      <Filter>Source Files\MidiParser\Event\MetaEvent</Filter>
    </ClCompile>
    <ClCompile Include="Test_MidiParser_MetaEvent_Skip.cpp">
      <Filter>Source Files\MidiParser\Event\MetaEvent</Filter>
    </ClCompile>
    <ClCompile Include="Test_MidiParser_MetaEvent_Tempo.cpp">
      <Filter>Source Files\MidiParser\Event\MetaEvent</Filter>
    </ClCompile>
    <ClCompile Include="Test_MidiParser_MetaEvent_Text.cpp">
      <Filter>Source Files\MidiParser\Event\MetaEvent</Filter>
    </ClCompile>
    <ClCompile Include="Fingering_CostCommon.cpp">
      <Filter>Source Files\Fingering</Filter>
    </ClCompile>
    <ClCompile Include="Test_Fingering_MonoCosts.cpp">
      <Filter>Source Files\Fingering\Intermediate Calculator</Filter>
    </ClCompile>
    <ClCompile Include="Test_Fingering_HorizontalCost.cpp">
      <Filter>Source Files\Fingering\Final Hand Costs</Filter>
    </ClCompile>
  </ItemGroup>
</Project>